# THIS IS AN AUTOGENERATED FILE. DO NOT EDIT THIS FILE DIRECTLY.
# yarn lockfile v1


"@babel/parser@^7.23.0":
  version "7.23.0"
  resolved "https://registry.yarnpkg.com/@babel/parser/-/parser-7.23.0.tgz#da950e622420bf96ca0d0f2909cdddac3acd8719"
  integrity sha512-vvPKKdMemU85V9WE/l5wZEmImpCtLqbnTvqDS2U1fJ96KrxoW7KrXhNsNCblQlg8Ck4b85yxdTyelsMUgFUXiw==

"@jridgewell/sourcemap-codec@^1.4.15":
  version "1.4.15"
  resolved "https://registry.yarnpkg.com/@jridgewell/sourcemap-codec/-/sourcemap-codec-1.4.15.tgz#d7c6e6755c78567a951e04ab52ef0fd26de59f32"
  integrity sha512-eF2rxCRulEKXHTRiDrDy6erMYWqNw4LPdQ8UQA4huuxaQsVeRPFl2oM8oDGxMFhJUWZf9McpLtJasDDZb/Bpeg==

"@rollup/pluginutils@5":
  version "5.0.5"
  resolved "https://registry.yarnpkg.com/@rollup/pluginutils/-/pluginutils-5.0.5.tgz#bbb4c175e19ebfeeb8c132c2eea0ecb89941a66c"
  integrity sha512-6aEYR910NyP73oHiJglti74iRyOwgFU4x3meH/H8OJx6Ry0j6cOVZ5X/wTvub7G7Ao6qaHBEaNsV3GLJkSsF+Q==
  dependencies:
    "@types/estree" "^1.0.0"
    estree-walker "^2.0.2"
    picomatch "^2.3.1"

"@rollup/rollup-android-arm-eabi@4.1.4":
  version "4.1.4"
  resolved "https://registry.yarnpkg.com/@rollup/rollup-android-arm-eabi/-/rollup-android-arm-eabi-4.1.4.tgz#e9bc2540174972b559ded126e6f9bf12f36c1bb1"
  integrity sha512-WlzkuFvpKl6CLFdc3V6ESPt7gq5Vrimd2Yv9IzKXdOpgbH4cdDSS1JLiACX8toygihtH5OlxyQzhXOph7Ovlpw==

"@rollup/rollup-android-arm64@4.1.4":
  version "4.1.4"
  resolved "https://registry.yarnpkg.com/@rollup/rollup-android-arm64/-/rollup-android-arm64-4.1.4.tgz#50c4e7668cb00a63d9a6810d0a607496ad4f0d09"
  integrity sha512-D1e+ABe56T9Pq2fD+R3ybe1ylCDzu3tY4Qm2Mj24R9wXNCq35+JbFbOpc2yrroO2/tGhTobmEl2Bm5xfE/n8RA==

"@rollup/rollup-darwin-arm64@4.1.4":
  version "4.1.4"
  resolved "https://registry.yarnpkg.com/@rollup/rollup-darwin-arm64/-/rollup-darwin-arm64-4.1.4.tgz#96b8ad0c21582fe8223c66ed4b39b30ff592da1c"
  integrity sha512-7vTYrgEiOrjxnjsgdPB+4i7EMxbVp7XXtS+50GJYj695xYTTEMn3HZVEvgtwjOUkAP/Q4HDejm4fIAjLeAfhtg==

"@rollup/rollup-darwin-x64@4.1.4":
  version "4.1.4"
  resolved "https://registry.yarnpkg.com/@rollup/rollup-darwin-x64/-/rollup-darwin-x64-4.1.4.tgz#5f0f6bd8f0a29e4b2b32ab831e953a6ca2d8f45b"
  integrity sha512-eGJVZScKSLZkYjhTAESCtbyTBq9SXeW9+TX36ki5gVhDqJtnQ5k0f9F44jNK5RhAMgIj0Ht9+n6HAgH0gUUyWQ==

"@rollup/rollup-linux-arm-gnueabihf@4.1.4":
  version "4.1.4"
  resolved "https://registry.yarnpkg.com/@rollup/rollup-linux-arm-gnueabihf/-/rollup-linux-arm-gnueabihf-4.1.4.tgz#52d706c87a05f91ff6f14f444685b662d3a6f96a"
  integrity sha512-HnigYSEg2hOdX1meROecbk++z1nVJDpEofw9V2oWKqOWzTJlJf1UXVbDE6Hg30CapJxZu5ga4fdAQc/gODDkKg==

"@rollup/rollup-linux-arm64-gnu@4.1.4":
  version "4.1.4"
  resolved "https://registry.yarnpkg.com/@rollup/rollup-linux-arm64-gnu/-/rollup-linux-arm64-gnu-4.1.4.tgz#5afa269b26467a7929c23816e3e2cf417b973d3b"
  integrity sha512-TzJ+N2EoTLWkaClV2CUhBlj6ljXofaYzF/R9HXqQ3JCMnCHQZmQnbnZllw7yTDp0OG5whP4gIPozR4QiX+00MQ==

"@rollup/rollup-linux-arm64-musl@4.1.4":
  version "4.1.4"
  resolved "https://registry.yarnpkg.com/@rollup/rollup-linux-arm64-musl/-/rollup-linux-arm64-musl-4.1.4.tgz#08d30969483a804769deb6e674fe963c21815ad9"
  integrity sha512-aVPmNMdp6Dlo2tWkAduAD/5TL/NT5uor290YvjvFvCv0Q3L7tVdlD8MOGDL+oRSw5XKXKAsDzHhUOPUNPRHVTQ==

"@rollup/rollup-linux-x64-gnu@4.1.4":
  version "4.1.4"
  resolved "https://registry.yarnpkg.com/@rollup/rollup-linux-x64-gnu/-/rollup-linux-x64-gnu-4.1.4.tgz#e5000b4e6e2a81364083d64a608b915f4e92a9c1"
  integrity sha512-77Fb79ayiDad0grvVsz4/OB55wJRyw9Ao+GdOBA9XywtHpuq5iRbVyHToGxWquYWlEf6WHFQQnFEttsAzboyKg==

"@rollup/rollup-linux-x64-musl@4.1.4":
  version "4.1.4"
  resolved "https://registry.yarnpkg.com/@rollup/rollup-linux-x64-musl/-/rollup-linux-x64-musl-4.1.4.tgz#6f356e16b275287f61c61ce8b9e1718fc5b24d4c"
  integrity sha512-/t6C6niEQTqmQTVTD9TDwUzxG91Mlk69/v0qodIPUnjjB3wR4UA3klg+orR2SU3Ux2Cgf2pWPL9utK80/1ek8g==

"@rollup/rollup-win32-arm64-msvc@4.1.4":
  version "4.1.4"
  resolved "https://registry.yarnpkg.com/@rollup/rollup-win32-arm64-msvc/-/rollup-win32-arm64-msvc-4.1.4.tgz#acb619a959c7b03fad63017b328fa60641b75239"
  integrity sha512-ZY5BHHrOPkMbCuGWFNpJH0t18D2LU6GMYKGaqaWTQ3CQOL57Fem4zE941/Ek5pIsVt70HyDXssVEFQXlITI5Gg==

"@rollup/rollup-win32-ia32-msvc@4.1.4":
  version "4.1.4"
  resolved "https://registry.yarnpkg.com/@rollup/rollup-win32-ia32-msvc/-/rollup-win32-ia32-msvc-4.1.4.tgz#6aab05c9a60f952cf5a263ebca244aa225fbde63"
  integrity sha512-XG2mcRfFrJvYyYaQmvCIvgfkaGinfXrpkBuIbJrTl9SaIQ8HumheWTIwkNz2mktCKwZfXHQNpO7RgXLIGQ7HXA==

"@rollup/rollup-win32-x64-msvc@4.1.4":
  version "4.1.4"
  resolved "https://registry.yarnpkg.com/@rollup/rollup-win32-x64-msvc/-/rollup-win32-x64-msvc-4.1.4.tgz#482022c71466e653aa6e1afc7a8323298743609b"
  integrity sha512-ANFqWYPwkhIqPmXw8vm0GpBEHiPpqcm99jiiAp71DbCSqLDhrtr019C5vhD0Bw4My+LmMvciZq6IsWHqQpl2ZQ==

"@types/estree@^1.0.0":
  version "1.0.3"
  resolved "https://registry.yarnpkg.com/@types/estree/-/estree-1.0.3.tgz#2be19e759a3dd18c79f9f436bd7363556c1a73dd"
  integrity sha512-CS2rOaoQ/eAgAfcTfq6amKG7bsN+EMcgGY4FAFQdvSj2y1ixvOZTUA9mOtCai7E1SYu283XNw7urKK30nP3wkQ==

"@vue/compiler-core@3.3.7":
  version "3.3.7"
  resolved "https://registry.yarnpkg.com/@vue/compiler-core/-/compiler-core-3.3.7.tgz#865a5734c971686d9737d85a0c5a08de045b6162"
  integrity sha512-pACdY6YnTNVLXsB86YD8OF9ihwpolzhhtdLVHhBL6do/ykr6kKXNYABRtNMGrsQXpEXXyAdwvWWkuTbs4MFtPQ==
  dependencies:
    "@babel/parser" "^7.23.0"
    "@vue/shared" "3.3.7"
    estree-walker "^2.0.2"
    source-map-js "^1.0.2"

"@vue/compiler-dom@3.3.7":
  version "3.3.7"
  resolved "https://registry.yarnpkg.com/@vue/compiler-dom/-/compiler-dom-3.3.7.tgz#a245aa03f9bfcdb537a239bf02842072de0644c9"
  integrity sha512-0LwkyJjnUPssXv/d1vNJ0PKfBlDoQs7n81CbO6Q0zdL7H1EzqYRrTVXDqdBVqro0aJjo/FOa1qBAPVI4PGSHBw==
  dependencies:
    "@vue/compiler-core" "3.3.7"
    "@vue/shared" "3.3.7"

"@vue/compiler-sfc@^3.3.7":
  version "3.3.7"
  resolved "https://registry.yarnpkg.com/@vue/compiler-sfc/-/compiler-sfc-3.3.7.tgz#219d04b3013c7b15fbc536e2279e07810b731cc2"
  integrity sha512-7pfldWy/J75U/ZyYIXRVqvLRw3vmfxDo2YLMwVtWVNew8Sm8d6wodM+OYFq4ll/UxfqVr0XKiVwti32PCrruAw==
  dependencies:
    "@babel/parser" "^7.23.0"
    "@vue/compiler-core" "3.3.7"
    "@vue/compiler-dom" "3.3.7"
    "@vue/compiler-ssr" "3.3.7"
    "@vue/reactivity-transform" "3.3.7"
    "@vue/shared" "3.3.7"
    estree-walker "^2.0.2"
    magic-string "^0.30.5"
    postcss "^8.4.31"
    source-map-js "^1.0.2"

"@vue/compiler-ssr@3.3.7":
  version "3.3.7"
  resolved "https://registry.yarnpkg.com/@vue/compiler-ssr/-/compiler-ssr-3.3.7.tgz#eff4a70f7ceb800d60e68d208b96a030c0f1b636"
  integrity sha512-TxOfNVVeH3zgBc82kcUv+emNHo+vKnlRrkv8YvQU5+Y5LJGJwSNzcmLUoxD/dNzv0bhQ/F0s+InlgV0NrApJZg==
  dependencies:
    "@vue/compiler-dom" "3.3.7"
    "@vue/shared" "3.3.7"

"@vue/reactivity-transform@3.3.7":
  version "3.3.7"
  resolved "https://registry.yarnpkg.com/@vue/reactivity-transform/-/reactivity-transform-3.3.7.tgz#eb9f5110af5085079b851d162205394bc790d539"
  integrity sha512-APhRmLVbgE1VPGtoLQoWBJEaQk4V8JUsqrQihImVqKT+8U6Qi3t5ATcg4Y9wGAPb3kIhetpufyZ1RhwbZCIdDA==
  dependencies:
    "@babel/parser" "^7.23.0"
    "@vue/compiler-core" "3.3.7"
    "@vue/shared" "3.3.7"
    estree-walker "^2.0.2"
    magic-string "^0.30.5"

"@vue/shared@3.3.7":
  version "3.3.7"
  resolved "https://registry.yarnpkg.com/@vue/shared/-/shared-3.3.7.tgz#0091852fe5cc4237c8440fe32f3ab6bc920ae6d9"
  integrity sha512-N/tbkINRUDExgcPTBvxNkvHGu504k8lzlNQRITVnm6YjOjwa4r0nnbd4Jb01sNpur5hAllyRJzSK5PvB9PPwRg==

debug@^4.1.1:
  version "4.3.4"
  resolved "https://registry.yarnpkg.com/debug/-/debug-4.3.4.tgz#1319f6579357f2338d3337d2cdd4914bb5dcc865"
  integrity sha512-PRWFHuSU3eDtQJPvnNY7Jcket1j0t5OuOsFzPPzsekD52Zl8qUfFIPEiswXqIvHWGVHOgX+7G/vCNNhehwxfkQ==
  dependencies:
    ms "2.1.2"

estree-walker@^0.6.1:
  version "0.6.1"
  resolved "https://registry.yarnpkg.com/estree-walker/-/estree-walker-0.6.1.tgz#53049143f40c6eb918b23671d1fe3219f3a1b362"
  integrity sha512-SqmZANLWS0mnatqbSfRP5g8OXZC12Fgg1IwNtLsyHDzJizORW4khDfjPqJZsemPWBB2uqykUah5YpQ6epsqC/w==

estree-walker@^2.0.2:
  version "2.0.2"
  resolved "https://registry.yarnpkg.com/estree-walker/-/estree-walker-2.0.2.tgz#52f010178c2a4c117a7757cfe942adb7d2da4cac"
  integrity sha512-Rfkk/Mp/DL7JVje3u18FxFujQlTNR2q6QfMSMB7AvCBx91NGj/ba3kCfza0f6dVDbw7YlRf/nDrn7pQrCCyQ/w==

fsevents@~2.3.2:
  version "2.3.3"
  resolved "https://registry.yarnpkg.com/fsevents/-/fsevents-2.3.3.tgz#cac6407785d03675a2a5e1a5305c697b347d90d6"
  integrity sha512-5xoDfX+fL7faATnagmWPpbFtwh/R77WmMMqqHGS65C3vvB0YHrgF+B1YmZ3441tMj5n63k0212XNoJwzlhffQw==

hash-sum@^2.0.0:
  version "2.0.0"
  resolved "https://registry.yarnpkg.com/hash-sum/-/hash-sum-2.0.0.tgz#81d01bb5de8ea4a214ad5d6ead1b523460b0b45a"
  integrity sha512-WdZTbAByD+pHfl/g9QSsBIIwy8IT+EsPiKDs0KNX+zSHhdDLFKdZu0BQHljvO+0QI/BasbMSUa8wYNCZTvhslg==

magic-string@^0.30.5:
  version "0.30.5"
  resolved "https://registry.yarnpkg.com/magic-string/-/magic-string-0.30.5.tgz#1994d980bd1c8835dc6e78db7cbd4ae4f24746f9"
  integrity sha512-7xlpfBaQaP/T6Vh8MO/EqXSW5En6INHEvEXQiuff7Gku0PWjU3uf6w/j9o7O+SpB5fOAkrI5HeoNgwjEO0pFsA==
  dependencies:
    "@jridgewell/sourcemap-codec" "^1.4.15"

ms@2.1.2:
  version "2.1.2"
  resolved "https://registry.yarnpkg.com/ms/-/ms-2.1.2.tgz#d09d1f357b443f493382a8eb3ccd183872ae6009"
  integrity sha512-sGkPx+VjMtmA6MX27oA4FBFELFCZZ4S4XqeGOXCv68tT+jb3vk/RyaKWP0PTKyWtmLSM0b+adUTEvbs1PEaH2w==

nanoid@^3.3.6:
  version "3.3.6"
  resolved "https://registry.yarnpkg.com/nanoid/-/nanoid-3.3.6.tgz#443380c856d6e9f9824267d960b4236ad583ea4c"
  integrity sha512-BGcqMMJuToF7i1rt+2PWSNVnWIkGCU78jBG3RxO/bZlnZPK2Cmi2QaffxGO/2RvWi9sL+FAiRiXMgsyxQ1DIDA==

picocolors@^1.0.0:
  version "1.0.0"
  resolved "https://registry.yarnpkg.com/picocolors/-/picocolors-1.0.0.tgz#cb5bdc74ff3f51892236eaf79d68bc44564ab81c"
  integrity sha512-1fygroTLlHu66zi26VoTDv8yRgm0Fccecssto+MhsZ0D/DGW2sm8E8AjW7NU5VVTRt5GxbeZ5qBuJr+HyLYkjQ==

picomatch@^2.3.1:
  version "2.3.1"
  resolved "https://registry.yarnpkg.com/picomatch/-/picomatch-2.3.1.tgz#3ba3833733646d9d3e4995946c1365a67fb07a42"
  integrity sha512-JU3teHTNjmE2VCGFzuY8EXzCDVwEqB2a8fsIvwaStHhAWJEeVd1o1QD80CU6+ZdEXXSLbSsuLwJjkCBWqRQUVA==

postcss@^8.4.31:
  version "8.4.31"
  resolved "https://registry.yarnpkg.com/postcss/-/postcss-8.4.31.tgz#92b451050a9f914da6755af352bdc0192508656d"
  integrity sha512-PS08Iboia9mts/2ygV3eLpY5ghnUcfLV/EXTOW1E2qYxJKGGBUtNjN76FYHnMs36RmARn41bC0AZmn+rR0OVpQ==
  dependencies:
    nanoid "^3.3.6"
    picocolors "^1.0.0"
    source-map-js "^1.0.2"

rollup-plugin-css-only@^4.3.0:
  version "4.3.0"
  resolved "https://registry.yarnpkg.com/rollup-plugin-css-only/-/rollup-plugin-css-only-4.3.0.tgz#d3d9374457a065aff623d7c7696f1a072c96ae7b"
  integrity sha512-BsiCqJJQzZh2lQiHY5irejRoJ3I1EUFHEi5PjVqsr+EmOh54YrWVwd3YZEXnQJ2+fzlhif0YM/Kf0GuH90GAdQ==
  dependencies:
    "@rollup/pluginutils" "5"

rollup-plugin-peer-deps-external@^2.2.4:
  version "2.2.4"
  resolved "https://registry.yarnpkg.com/rollup-plugin-peer-deps-external/-/rollup-plugin-peer-deps-external-2.2.4.tgz#8a420bbfd6dccc30aeb68c9bf57011f2f109570d"
  integrity sha512-AWdukIM1+k5JDdAqV/Cxd+nejvno2FVLVeZ74NKggm3Q5s9cbbcOgUPGdbxPi4BXu7xGaZ8HG12F+thImYu/0g==

rollup-plugin-vue@^6.0.0:
  version "6.0.0"
  resolved "https://registry.yarnpkg.com/rollup-plugin-vue/-/rollup-plugin-vue-6.0.0.tgz#e379e93e5ae9a8648522f698be2e452e8672aaf2"
  integrity sha512-oVvUd84d5u73M2HYM3XsMDLtZRIA/tw2U0dmHlXU2UWP5JARYHzh/U9vcxaN/x/9MrepY7VH3pHFeOhrWpxs/Q==
  dependencies:
    debug "^4.1.1"
    hash-sum "^2.0.0"
    rollup-pluginutils "^2.8.2"

rollup-pluginutils@^2.8.2:
  version "2.8.2"
  resolved "https://registry.yarnpkg.com/rollup-pluginutils/-/rollup-pluginutils-2.8.2.tgz#72f2af0748b592364dbd3389e600e5a9444a351e"
  integrity sha512-EEp9NhnUkwY8aif6bxgovPHMoMoNr2FulJziTndpt5H9RdwC47GSGuII9XxpSdzVGM0GWrNPHV6ie1LTNJPaLQ==
  dependencies:
    estree-walker "^0.6.1"

rollup@^4.1.4:
  version "4.1.4"
  resolved "https://registry.yarnpkg.com/rollup/-/rollup-4.1.4.tgz#cf0ab00d9183a3d11fcc5d630270463b13831221"
  integrity sha512-U8Yk1lQRKqCkDBip/pMYT+IKaN7b7UesK3fLSTuHBoBJacCE+oBqo/dfG/gkUdQNNB2OBmRP98cn2C2bkYZkyw==
  optionalDependencies:
    "@rollup/rollup-android-arm-eabi" "4.1.4"
    "@rollup/rollup-android-arm64" "4.1.4"
    "@rollup/rollup-darwin-arm64" "4.1.4"
    "@rollup/rollup-darwin-x64" "4.1.4"
    "@rollup/rollup-linux-arm-gnueabihf" "4.1.4"
    "@rollup/rollup-linux-arm64-gnu" "4.1.4"
    "@rollup/rollup-linux-arm64-musl" "4.1.4"
    "@rollup/rollup-linux-x64-gnu" "4.1.4"
    "@rollup/rollup-linux-x64-musl" "4.1.4"
    "@rollup/rollup-win32-arm64-msvc" "4.1.4"
    "@rollup/rollup-win32-ia32-msvc" "4.1.4"
    "@rollup/rollup-win32-x64-msvc" "4.1.4"
    fsevents "~2.3.2"

source-map-js@^1.0.2:
  version "1.0.2"
  resolved "https://registry.yarnpkg.com/source-map-js/-/source-map-js-1.0.2.tgz#adbc361d9c62df380125e7f161f71c826f1e490c"
  integrity sha512-R0XvVJ9WusLiqTCEiGCmICCMplcCkIwwR11mOSD9CR5u+IXYdiseeEuXCVAjS54zqwkLcPNnmU4OeJ6tUrWhDw==
